
Microsoft Visual Studio Solution File, Format Version 12.00
# Visual Studio 15
VisualStudioVersion = 15.0.28307.329
MinimumVisualStudioVersion = 10.0.40219.1
Project("{FAE04EC0-301F-11D3-BF4B-00C04F79EFBC}") = "GetImagesInfo", "GetImagesInfo\GetImagesInfo.csproj", "{EDC47E48-E9C8-4C22-9B0B-63C6F321B904}"
EndProject
Global
	GlobalSection(SolutionConfigurationPlatforms) = preSolution
		Debug|Any CPU = Debug|Any CPU
		Release|Any CPU = Release|Any CPU
	EndGlobalSection
	GlobalSection(ProjectConfigurationPlatforms) = postSolution
		{EDC47E48-E9C8-4C22-9B0B-63C6F321B904}.Debug|Any CPU.ActiveCfg = Debug|Any CPU
		{EDC47E48-E9C8-4C22-9B0B-63C6F321B904}.Debug|Any CPU.Build.0 = Debug|Any CPU
		{EDC47E48-E9C8-4C22-9B0B-63C6F321B904}.Release|Any CPU.ActiveCfg = Release|Any CPU
		{EDC47E48-E9C8-4C22-9B0B-63C6F321B904}.Release|Any CPU.Build.0 = Release|Any CPU
	EndGlobalSection
	GlobalSection(SolutionProperties) = preSolution
		HideSolutionNode = FALSE
	EndGlobalSection
	GlobalSection(ExtensibilityGlobals) = postSolution
		SolutionGuid = {CA9B27F0-B70A-40E9-AE07-97561EDB5C3E}
	EndGlobalSection
EndGlobal
